// !$*UTF8*$!
{
	archiveVersion = 1;
	classes = {
	};
	objectVersion = 46;
	objects = {

/* Begin PBXBuildFile section */
		92BDA753FEFF39A330256927 /* Pods.framework in Frameworks */ = {isa = PBXBuildFile; fileRef = 4488B16A4E013A8085C9C499 /* Pods.framework */; };
		AA2C51191DC8564E00006926 /* SJWritePostViewController.swift in Sources */ = {isa = PBXBuildFile; fileRef = AA2C51181DC8564E00006926 /* SJWritePostViewController.swift */; };
		AA36EEC41DC330FD0045C055 /* SJMessageTableViewCell.swift in Sources */ = {isa = PBXBuildFile; fileRef = AA36EEC31DC330FD0045C055 /* SJMessageTableViewCell.swift */; };
		AA36EEC61DC3359C0045C055 /* SJMessageDetailViewController.swift in Sources */ = {isa = PBXBuildFile; fileRef = AA36EEC51DC3359C0045C055 /* SJMessageDetailViewController.swift */; };
		AA51385F1DC34433002BE8D4 /* SJMessageDetailTableViewCell.swift in Sources */ = {isa = PBXBuildFile; fileRef = AA51385E1DC34433002BE8D4 /* SJMessageDetailTableViewCell.swift */; };
		AA7C666C1DC88D1800C949B9 /* SJTextField.swift in Sources */ = {isa = PBXBuildFile; fileRef = AA7C666B1DC88D1800C949B9 /* SJTextField.swift */; };
		AA7C66911DCA1C1600C949B9 /* Accelerate.framework in Frameworks */ = {isa = PBXBuildFile; fileRef = AA7C66901DCA1C1600C949B9 /* Accelerate.framework */; };
		AA7C66971DCA1FE200C949B9 /* UIImageEffects.swift in Sources */ = {isa = PBXBuildFile; fileRef = AA7C66961DCA1FE100C949B9 /* UIImageEffects.swift */; };
		AA7C66991DCAD24D00C949B9 /* UIButton+Action.swift in Sources */ = {isa = PBXBuildFile; fileRef = AA7C66981DCAD24D00C949B9 /* UIButton+Action.swift */; };
		AA7C669B1DCAE3C700C949B9 /* View+Extension.swift in Sources */ = {isa = PBXBuildFile; fileRef = AA7C669A1DCAE3C700C949B9 /* View+Extension.swift */; };
		AA7C669D1DCB279400C949B9 /* SJReplyViewController.swift in Sources */ = {isa = PBXBuildFile; fileRef = AA7C669C1DCB279400C949B9 /* SJReplyViewController.swift */; };
		AA7C669F1DCC2EC700C949B9 /* SJChooseCategoryViewController.swift in Sources */ = {isa = PBXBuildFile; fileRef = AA7C669E1DCC2EC700C949B9 /* SJChooseCategoryViewController.swift */; };
		AA7D22291DB5C35900E23E7E /* Model.swift in Sources */ = {isa = PBXBuildFile; fileRef = AA7D22281DB5C35900E23E7E /* Model.swift */; };
		AA7D22301DB614F000E23E7E /* SJHomeTableViewCell.swift in Sources */ = {isa = PBXBuildFile; fileRef = AA7D222F1DB614F000E23E7E /* SJHomeTableViewCell.swift */; };
		AA7D22321DB61A8600E23E7E /* SJForumTableViewCell.swift in Sources */ = {isa = PBXBuildFile; fileRef = AA7D22311DB61A8600E23E7E /* SJForumTableViewCell.swift */; };
		AA7D22341DB61F3400E23E7E /* UILabel+Extension.swift in Sources */ = {isa = PBXBuildFile; fileRef = AA7D22331DB61F3400E23E7E /* UILabel+Extension.swift */; };
		AA7D22361DB665E400E23E7E /* NSDate+Extension.swift in Sources */ = {isa = PBXBuildFile; fileRef = AA7D22351DB665E400E23E7E /* NSDate+Extension.swift */; };
		AA7D22381DB66F4200E23E7E /* SJForumViewController.swift in Sources */ = {isa = PBXBuildFile; fileRef = AA7D22371DB66F4200E23E7E /* SJForumViewController.swift */; };
		AA7D223A1DB67F9C00E23E7E /* forumtable.plist in Resources */ = {isa = PBXBuildFile; fileRef = AA7D22391DB67F9C00E23E7E /* forumtable.plist */; };
		AA7D223C1DB6AFEB00E23E7E /* SJScrollTitleView.swift in Sources */ = {isa = PBXBuildFile; fileRef = AA7D223B1DB6AFEB00E23E7E /* SJScrollTitleView.swift */; };
		AA7D225C1DB76C6500E23E7E /* SJThreadViewController.swift in Sources */ = {isa = PBXBuildFile; fileRef = AA7D225B1DB76C6500E23E7E /* SJThreadViewController.swift */; };
		AA7D225E1DB76DED00E23E7E /* SJThreadTableViewCell.swift in Sources */ = {isa = PBXBuildFile; fileRef = AA7D225D1DB76DED00E23E7E /* SJThreadTableViewCell.swift */; };
		AA7D22601DB7AF5200E23E7E /* Utility.swift in Sources */ = {isa = PBXBuildFile; fileRef = AA7D225F1DB7AF5200E23E7E /* Utility.swift */; };
		AA7D22741DBA0CA500E23E7E /* SJLoginViewController.swift in Sources */ = {isa = PBXBuildFile; fileRef = AA7D22731DBA0CA500E23E7E /* SJLoginViewController.swift */; };
		AA7D22761DBA401F00E23E7E /* UIImage+Resize.swift in Sources */ = {isa = PBXBuildFile; fileRef = AA7D22751DBA401F00E23E7E /* UIImage+Resize.swift */; };
		AA9F1CD61DBB4D1F00A2D7CF /* SJPopUpViewControllerSwift.swift in Sources */ = {isa = PBXBuildFile; fileRef = AA9F1CD51DBB4D1F00A2D7CF /* SJPopUpViewControllerSwift.swift */; };
		AAA784A31DB4A01300A4AA3C /* AppDelegate.swift in Sources */ = {isa = PBXBuildFile; fileRef = AAA784A21DB4A01300A4AA3C /* AppDelegate.swift */; };
		AAA784A51DB4A01300A4AA3C /* Assets.xcassets in Resources */ = {isa = PBXBuildFile; fileRef = AAA784A41DB4A01300A4AA3C /* Assets.xcassets */; };
		AAA784A81DB4A01300A4AA3C /* LaunchScreen.storyboard in Resources */ = {isa = PBXBuildFile; fileRef = AAA784A61DB4A01300A4AA3C /* LaunchScreen.storyboard */; };
		AAA784B11DB4A0BD00A4AA3C /* Logger.swift in Sources */ = {isa = PBXBuildFile; fileRef = AAA784B01DB4A0BD00A4AA3C /* Logger.swift */; };
		AAA784B31DB4A0C300A4AA3C /* DeviceUtil.swift in Sources */ = {isa = PBXBuildFile; fileRef = AAA784B21DB4A0C300A4AA3C /* DeviceUtil.swift */; };
		AAA784BC1DB4A12F00A4AA3C /* SJViewController.swift in Sources */ = {isa = PBXBuildFile; fileRef = AAA784BB1DB4A12F00A4AA3C /* SJViewController.swift */; };
		AAD2E7CF1DC19C0A00D94A01 /* SJOtherViewContrller.swift in Sources */ = {isa = PBXBuildFile; fileRef = AAD2E7CE1DC19C0A00D94A01 /* SJOtherViewContrller.swift */; };
		AAD2E7D11DC1D2B700D94A01 /* SJMarginLabel.swift in Sources */ = {isa = PBXBuildFile; fileRef = AAD2E7D01DC1D2B700D94A01 /* SJMarginLabel.swift */; };
		AADAC2C21DB4A1970048AEDF /* SJNavigationController.swift in Sources */ = {isa = PBXBuildFile; fileRef = AADAC2C11DB4A1970048AEDF /* SJNavigationController.swift */; };
		AADAC2C41DB4A7360048AEDF /* SJTabBarController.swift in Sources */ = {isa = PBXBuildFile; fileRef = AADAC2C31DB4A7360048AEDF /* SJTabBarController.swift */; };
		AADAC2C61DB4A7E10048AEDF /* SJRootTabBarController.swift in Sources */ = {isa = PBXBuildFile; fileRef = AADAC2C51DB4A7E10048AEDF /* SJRootTabBarController.swift */; };
		AADAC2C81DB4A8270048AEDF /* SJHomeViewController.swift in Sources */ = {isa = PBXBuildFile; fileRef = AADAC2C71DB4A8270048AEDF /* SJHomeViewController.swift */; };
		AADAC2CA1DB4A8AE0048AEDF /* SJTableViewController.swift in Sources */ = {isa = PBXBuildFile; fileRef = AADAC2C91DB4A8AE0048AEDF /* SJTableViewController.swift */; };
		AADAC2CD1DB4AA4A0048AEDF /* SJMessageListViewController.swift in Sources */ = {isa = PBXBuildFile; fileRef = AADAC2CC1DB4AA4A0048AEDF /* SJMessageListViewController.swift */; };
		AADAC2CF1DB4AAA40048AEDF /* SJMineViewController.swift in Sources */ = {isa = PBXBuildFile; fileRef = AADAC2CE1DB4AAA40048AEDF /* SJMineViewController.swift */; };
		AADAC2D11DB4B5030048AEDF /* SJLeftMenuViewController.swift in Sources */ = {isa = PBXBuildFile; fileRef = AADAC2D01DB4B5030048AEDF /* SJLeftMenuViewController.swift */; };
		AADAC2D51DB4B9870048AEDF /* SJClient.swift in Sources */ = {isa = PBXBuildFile; fileRef = AADAC2D41DB4B9870048AEDF /* SJClient.swift */; };
		AADAC2E51DB4CE570048AEDF /* String+Extension.swift in Sources */ = {isa = PBXBuildFile; fileRef = AADAC2E41DB4CE570048AEDF /* String+Extension.swift */; };
		AAF90D761DC6EDCA00F33C44 /* font.ttf in Resources */ = {isa = PBXBuildFile; fileRef = AAF90D751DC6EDCA00F33C44 /* font.ttf */; };
		AAF90D781DC6EE3000F33C44 /* GlobalDefined.swift in Sources */ = {isa = PBXBuildFile; fileRef = AAF90D771DC6EE3000F33C44 /* GlobalDefined.swift */; };
/* End PBXBuildFile section */

/* Begin PBXCopyFilesBuildPhase section */
		AAD2E76A1DBF047400D94A01 /* Embed Frameworks */ = {
			isa = PBXCopyFilesBuildPhase;
			buildActionMask = 2147483647;
			dstPath = "";
			dstSubfolderSpec = 10;
			files = (
			);
			name = "Embed Frameworks";
			runOnlyForDeploymentPostprocessing = 0;
		};
/* End PBXCopyFilesBuildPhase section */

/* Begin PBXFileReference section */
		4488B16A4E013A8085C9C499 /* Pods.framework */ = {isa = PBXFileReference; explicitFileType = wrapper.framework; includeInIndex = 0; path = Pods.framework; sourceTree = BUILT_PRODUCTS_DIR; };
		50BE783DD5D730BC46E28241 /* Pods.debug.xcconfig */ = {isa = PBXFileReference; includeInIndex = 1; lastKnownFileType = text.xcconfig; name = Pods.debug.xcconfig; path = "Pods/Target Support Files/Pods/Pods.debug.xcconfig"; sourceTree = "<group>"; };
		AA2C51181DC8564E00006926 /* SJWritePostViewController.swift */ = {isa = PBXFileReference; fileEncoding = 4; lastKnownFileType = sourcecode.swift; path = SJWritePostViewController.swift; sourceTree = "<group>"; };
		AA36EEC31DC330FD0045C055 /* SJMessageTableViewCell.swift */ = {isa = PBXFileReference; fileEncoding = 4; lastKnownFileType = sourcecode.swift; path = SJMessageTableViewCell.swift; sourceTree = "<group>"; };
		AA36EEC51DC3359C0045C055 /* SJMessageDetailViewController.swift */ = {isa = PBXFileReference; fileEncoding = 4; lastKnownFileType = sourcecode.swift; path = SJMessageDetailViewController.swift; sourceTree = "<group>"; };
		AA51385E1DC34433002BE8D4 /* SJMessageDetailTableViewCell.swift */ = {isa = PBXFileReference; fileEncoding = 4; lastKnownFileType = sourcecode.swift; path = SJMessageDetailTableViewCell.swift; sourceTree = "<group>"; };
		AA7C666B1DC88D1800C949B9 /* SJTextField.swift */ = {isa = PBXFileReference; fileEncoding = 4; lastKnownFileType = sourcecode.swift; path = SJTextField.swift; sourceTree = "<group>"; };
		AA7C66901DCA1C1600C949B9 /* Accelerate.framework */ = {isa = PBXFileReference; lastKnownFileType = wrapper.framework; name = Accelerate.framework; path = System/Library/Frameworks/Accelerate.framework; sourceTree = SDKROOT; };
		AA7C66961DCA1FE100C949B9 /* UIImageEffects.swift */ = {isa = PBXFileReference; fileEncoding = 4; lastKnownFileType = sourcecode.swift; path = UIImageEffects.swift; sourceTree = "<group>"; };
		AA7C66981DCAD24D00C949B9 /* UIButton+Action.swift */ = {isa = PBXFileReference; fileEncoding = 4; lastKnownFileType = sourcecode.swift; path = "UIButton+Action.swift"; sourceTree = "<group>"; };
		AA7C669A1DCAE3C700C949B9 /* View+Extension.swift */ = {isa = PBXFileReference; fileEncoding = 4; lastKnownFileType = sourcecode.swift; path = "View+Extension.swift"; sourceTree = "<group>"; };
		AA7C669C1DCB279400C949B9 /* SJReplyViewController.swift */ = {isa = PBXFileReference; fileEncoding = 4; lastKnownFileType = sourcecode.swift; path = SJReplyViewController.swift; sourceTree = "<group>"; };
		AA7C669E1DCC2EC700C949B9 /* SJChooseCategoryViewController.swift */ = {isa = PBXFileReference; fileEncoding = 4; lastKnownFileType = sourcecode.swift; path = SJChooseCategoryViewController.swift; sourceTree = "<group>"; };
		AA7D22281DB5C35900E23E7E /* Model.swift */ = {isa = PBXFileReference; fileEncoding = 4; lastKnownFileType = sourcecode.swift; path = Model.swift; sourceTree = "<group>"; };
		AA7D222F1DB614F000E23E7E /* SJHomeTableViewCell.swift */ = {isa = PBXFileReference; fileEncoding = 4; lastKnownFileType = sourcecode.swift; path = SJHomeTableViewCell.swift; sourceTree = "<group>"; };
		AA7D22311DB61A8600E23E7E /* SJForumTableViewCell.swift */ = {isa = PBXFileReference; fileEncoding = 4; lastKnownFileType = sourcecode.swift; path = SJForumTableViewCell.swift; sourceTree = "<group>"; };
		AA7D22331DB61F3400E23E7E /* UILabel+Extension.swift */ = {isa = PBXFileReference; fileEncoding = 4; lastKnownFileType = sourcecode.swift; path = "UILabel+Extension.swift"; sourceTree = "<group>"; };
		AA7D22351DB665E400E23E7E /* NSDate+Extension.swift */ = {isa = PBXFileReference; fileEncoding = 4; lastKnownFileType = sourcecode.swift; path = "NSDate+Extension.swift"; sourceTree = "<group>"; };
		AA7D22371DB66F4200E23E7E /* SJForumViewController.swift */ = {isa = PBXFileReference; fileEncoding = 4; lastKnownFileType = sourcecode.swift; path = SJForumViewController.swift; sourceTree = "<group>"; };
		AA7D22391DB67F9C00E23E7E /* forumtable.plist */ = {isa = PBXFileReference; fileEncoding = 4; lastKnownFileType = text.plist.xml; path = forumtable.plist; sourceTree = "<group>"; };
		AA7D223B1DB6AFEB00E23E7E /* SJScrollTitleView.swift */ = {isa = PBXFileReference; fileEncoding = 4; lastKnownFileType = sourcecode.swift; path = SJScrollTitleView.swift; sourceTree = "<group>"; };
		AA7D225B1DB76C6500E23E7E /* SJThreadViewController.swift */ = {isa = PBXFileReference; fileEncoding = 4; lastKnownFileType = sourcecode.swift; path = SJThreadViewController.swift; sourceTree = "<group>"; };
		AA7D225D1DB76DED00E23E7E /* SJThreadTableViewCell.swift */ = {isa = PBXFileReference; fileEncoding = 4; lastKnownFileType = sourcecode.swift; path = SJThreadTableViewCell.swift; sourceTree = "<group>"; };
		AA7D225F1DB7AF5200E23E7E /* Utility.swift */ = {isa = PBXFileReference; fileEncoding = 4; lastKnownFileType = sourcecode.swift; path = Utility.swift; sourceTree = "<group>"; };
		AA7D22731DBA0CA500E23E7E /* SJLoginViewController.swift */ = {isa = PBXFileReference; fileEncoding = 4; lastKnownFileType = sourcecode.swift; path = SJLoginViewController.swift; sourceTree = "<group>"; };
		AA7D22751DBA401F00E23E7E /* UIImage+Resize.swift */ = {isa = PBXFileReference; fileEncoding = 4; lastKnownFileType = sourcecode.swift; path = "UIImage+Resize.swift"; sourceTree = "<group>"; };
		AA9F1CD51DBB4D1F00A2D7CF /* SJPopUpViewControllerSwift.swift */ = {isa = PBXFileReference; fileEncoding = 4; lastKnownFileType = sourcecode.swift; path = SJPopUpViewControllerSwift.swift; sourceTree = "<group>"; };
		AAA7849F1DB4A01300A4AA3C /* 极速社区.app */ = {isa = PBXFileReference; explicitFileType = wrapper.application; includeInIndex = 0; path = "极速社区.app"; sourceTree = BUILT_PRODUCTS_DIR; };
		AAA784A21DB4A01300A4AA3C /* AppDelegate.swift */ = {isa = PBXFileReference; lastKnownFileType = sourcecode.swift; path = AppDelegate.swift; sourceTree = "<group>"; };
		AAA784A41DB4A01300A4AA3C /* Assets.xcassets */ = {isa = PBXFileReference; lastKnownFileType = folder.assetcatalog; path = Assets.xcassets; sourceTree = "<group>"; };
		AAA784A71DB4A01300A4AA3C /* Base */ = {isa = PBXFileReference; lastKnownFileType = file.storyboard; name = Base; path = Base.lproj/LaunchScreen.storyboard; sourceTree = "<group>"; };
		AAA784A91DB4A01300A4AA3C /* Info.plist */ = {isa = PBXFileReference; lastKnownFileType = text.plist.xml; path = Info.plist; sourceTree = "<group>"; };
		AAA784B01DB4A0BD00A4AA3C /* Logger.swift */ = {isa = PBXFileReference; fileEncoding = 4; lastKnownFileType = sourcecode.swift; path = Logger.swift; sourceTree = "<group>"; };
		AAA784B21DB4A0C300A4AA3C /* DeviceUtil.swift */ = {isa = PBXFileReference; fileEncoding = 4; lastKnownFileType = sourcecode.swift; path = DeviceUtil.swift; sourceTree = "<group>"; };
		AAA784BB1DB4A12F00A4AA3C /* SJViewController.swift */ = {isa = PBXFileReference; fileEncoding = 4; lastKnownFileType = sourcecode.swift; path = SJViewController.swift; sourceTree = "<group>"; };
		AAD2E7CE1DC19C0A00D94A01 /* SJOtherViewContrller.swift */ = {isa = PBXFileReference; fileEncoding = 4; lastKnownFileType = sourcecode.swift; path = SJOtherViewContrller.swift; sourceTree = "<group>"; };
		AAD2E7D01DC1D2B700D94A01 /* SJMarginLabel.swift */ = {isa = PBXFileReference; fileEncoding = 4; lastKnownFileType = sourcecode.swift; path = SJMarginLabel.swift; sourceTree = "<group>"; };
		AAD2E83A1DC1DD8600D94A01 /* changelog */ = {isa = PBXFileReference; fileEncoding = 4; lastKnownFileType = text; path = changelog; sourceTree = "<group>"; };
		AAD7F8291DBE0E9B00879291 /* MyPlayground.playground */ = {isa = PBXFileReference; lastKnownFileType = file.playground; path = MyPlayground.playground; sourceTree = "<group>"; };
		AADAC2C11DB4A1970048AEDF /* SJNavigationController.swift */ = {isa = PBXFileReference; fileEncoding = 4; lastKnownFileType = sourcecode.swift; path = SJNavigationController.swift; sourceTree = "<group>"; };
		AADAC2C31DB4A7360048AEDF /* SJTabBarController.swift */ = {isa = PBXFileReference; fileEncoding = 4; lastKnownFileType = sourcecode.swift; path = SJTabBarController.swift; sourceTree = "<group>"; };
		AADAC2C51DB4A7E10048AEDF /* SJRootTabBarController.swift */ = {isa = PBXFileReference; fileEncoding = 4; lastKnownFileType = sourcecode.swift; path = SJRootTabBarController.swift; sourceTree = "<group>"; };
		AADAC2C71DB4A8270048AEDF /* SJHomeViewController.swift */ = {isa = PBXFileReference; fileEncoding = 4; lastKnownFileType = sourcecode.swift; path = SJHomeViewController.swift; sourceTree = "<group>"; };
		AADAC2C91DB4A8AE0048AEDF /* SJTableViewController.swift */ = {isa = PBXFileReference; fileEncoding = 4; lastKnownFileType = sourcecode.swift; path = SJTableViewController.swift; sourceTree = "<group>"; };
		AADAC2CC1DB4AA4A0048AEDF /* SJMessageListViewController.swift */ = {isa = PBXFileReference; fileEncoding = 4; lastKnownFileType = sourcecode.swift; path = SJMessageListViewController.swift; sourceTree = "<group>"; };
		AADAC2CE1DB4AAA40048AEDF /* SJMineViewController.swift */ = {isa = PBXFileReference; fileEncoding = 4; lastKnownFileType = sourcecode.swift; path = SJMineViewController.swift; sourceTree = "<group>"; };
		AADAC2D01DB4B5030048AEDF /* SJLeftMenuViewController.swift */ = {isa = PBXFileReference; fileEncoding = 4; lastKnownFileType = sourcecode.swift; path = SJLeftMenuViewController.swift; sourceTree = "<group>"; };
		AADAC2D41DB4B9870048AEDF /* SJClient.swift */ = {isa = PBXFileReference; fileEncoding = 4; lastKnownFileType = sourcecode.swift; path = SJClient.swift; sourceTree = "<group>"; };
		AADAC2E41DB4CE570048AEDF /* String+Extension.swift */ = {isa = PBXFileReference; fileEncoding = 4; lastKnownFileType = sourcecode.swift; path = "String+Extension.swift"; sourceTree = "<group>"; };
		AAF90D751DC6EDCA00F33C44 /* font.ttf */ = {isa = PBXFileReference; lastKnownFileType = file; path = font.ttf; sourceTree = "<group>"; };
		AAF90D771DC6EE3000F33C44 /* GlobalDefined.swift */ = {isa = PBXFileReference; fileEncoding = 4; lastKnownFileType = sourcecode.swift; name = GlobalDefined.swift; path = Social8080Swift/GlobalDefined.swift; sourceTree = SOURCE_ROOT; };
		CAF2FE28940F35BD157A1FA5 /* Pods.release.xcconfig */ = {isa = PBXFileReference; includeInIndex = 1; lastKnownFileType = text.xcconfig; name = Pods.release.xcconfig; path = "Pods/Target Support Files/Pods/Pods.release.xcconfig"; sourceTree = "<group>"; };
/* End PBXFileReference section */

/* Begin PBXFrameworksBuildPhase section */
		AAA7849C1DB4A01300A4AA3C /* Frameworks */ = {
			isa = PBXFrameworksBuildPhase;
			buildActionMask = 2147483647;
			files = (
				AA7C66911DCA1C1600C949B9 /* Accelerate.framework in Frameworks */,
				92BDA753FEFF39A330256927 /* Pods.framework in Frameworks */,
			);
			runOnlyForDeploymentPostprocessing = 0;
		};
/* End PBXFrameworksBuildPhase section */

/* Begin PBXGroup section */
		96BB326E35B7EA64A197027B /* Pods */ = {
			isa = PBXGroup;
			children = (
				50BE783DD5D730BC46E28241 /* Pods.debug.xcconfig */,
				CAF2FE28940F35BD157A1FA5 /* Pods.release.xcconfig */,
			);
			name = Pods;
			sourceTree = "<group>";
		};
		AAA784961DB4A01300A4AA3C = {
			isa = PBXGroup;
			children = (
				D560FF2373FE61EB44D5F7D5 /* Frameworks */,
				96BB326E35B7EA64A197027B /* Pods */,
				AAA784A01DB4A01300A4AA3C /* Products */,
				AAA784A11DB4A01300A4AA3C /* Social8080Swift */,
			);
			sourceTree = "<group>";
		};
		AAA784A01DB4A01300A4AA3C /* Products */ = {
			isa = PBXGroup;
			children = (
				AAA7849F1DB4A01300A4AA3C /* 极速社区.app */,
			);
			name = Products;
			sourceTree = "<group>";
		};
		AAA784A11DB4A01300A4AA3C /* Social8080Swift */ = {
			isa = PBXGroup;
			children = (
				AAA784BA1DB4A0F800A4AA3C /* Base */,
				AADAC2CB1DB4A8C80048AEDF /* Client */,
				AAA784B51DB4A0D800A4AA3C /* Controller */,
				AAA784AF1DB4A0B500A4AA3C /* Helper */,
				AAA784B61DB4A0E000A4AA3C /* Model */,
				AAA784B91DB4A0F300A4AA3C /* Service */,
				AAA784B81DB4A0ED00A4AA3C /* Vendor */,
				AAA784B71DB4A0E800A4AA3C /* View */,
				AAA784A21DB4A01300A4AA3C /* AppDelegate.swift */,
				AAA784A41DB4A01300A4AA3C /* Assets.xcassets */,
				AAA784A91DB4A01300A4AA3C /* Info.plist */,
				AAA784A61DB4A01300A4AA3C /* LaunchScreen.storyboard */,
				AAD7F8291DBE0E9B00879291 /* MyPlayground.playground */,
				AA7D22391DB67F9C00E23E7E /* forumtable.plist */,
				AAF90D751DC6EDCA00F33C44 /* font.ttf */,
				AAD2E83A1DC1DD8600D94A01 /* changelog */,
			);
			path = Social8080Swift;
			sourceTree = "<group>";
		};
		AAA784AF1DB4A0B500A4AA3C /* Helper */ = {
			isa = PBXGroup;
			children = (
				AAA784B21DB4A0C300A4AA3C /* DeviceUtil.swift */,
				AAA784B01DB4A0BD00A4AA3C /* Logger.swift */,
				AA7D22351DB665E400E23E7E /* NSDate+Extension.swift */,
				AADAC2E41DB4CE570048AEDF /* String+Extension.swift */,
				AA7D22751DBA401F00E23E7E /* UIImage+Resize.swift */,
				AA7D22331DB61F3400E23E7E /* UILabel+Extension.swift */,
				AA7D225F1DB7AF5200E23E7E /* Utility.swift */,
				AAF90D771DC6EE3000F33C44 /* GlobalDefined.swift */,
				AA7C66981DCAD24D00C949B9 /* UIButton+Action.swift */,
				AA7C669A1DCAE3C700C949B9 /* View+Extension.swift */,
			);
			path = Helper;
			sourceTree = "<group>";
		};
		AAA784B51DB4A0D800A4AA3C /* Controller */ = {
			isa = PBXGroup;
			children = (
				AA7D22371DB66F4200E23E7E /* SJForumViewController.swift */,
				AADAC2C71DB4A8270048AEDF /* SJHomeViewController.swift */,
				AADAC2D01DB4B5030048AEDF /* SJLeftMenuViewController.swift */,
				AA7D22731DBA0CA500E23E7E /* SJLoginViewController.swift */,
				AADAC2CE1DB4AAA40048AEDF /* SJMineViewController.swift */,
				AAD2E7CE1DC19C0A00D94A01 /* SJOtherViewContrller.swift */,
				AA9F1CD51DBB4D1F00A2D7CF /* SJPopUpViewControllerSwift.swift */,
				AADAC2C51DB4A7E10048AEDF /* SJRootTabBarController.swift */,
				AA7D225B1DB76C6500E23E7E /* SJThreadViewController.swift */,
				AADAC2CC1DB4AA4A0048AEDF /* SJMessageListViewController.swift */,
				AA36EEC51DC3359C0045C055 /* SJMessageDetailViewController.swift */,
				AA2C51181DC8564E00006926 /* SJWritePostViewController.swift */,
				AA7C669C1DCB279400C949B9 /* SJReplyViewController.swift */,
				AA7C669E1DCC2EC700C949B9 /* SJChooseCategoryViewController.swift */,
			);
			path = Controller;
			sourceTree = "<group>";
		};
		AAA784B61DB4A0E000A4AA3C /* Model */ = {
			isa = PBXGroup;
			children = (
				AA7D22281DB5C35900E23E7E /* Model.swift */,
			);
			path = Model;
			sourceTree = "<group>";
		};
		AAA784B71DB4A0E800A4AA3C /* View */ = {
			isa = PBXGroup;
			children = (
				AA7D22311DB61A8600E23E7E /* SJForumTableViewCell.swift */,
				AA7D222F1DB614F000E23E7E /* SJHomeTableViewCell.swift */,
				AA7D223B1DB6AFEB00E23E7E /* SJScrollTitleView.swift */,
				AA7D225D1DB76DED00E23E7E /* SJThreadTableViewCell.swift */,
				AA36EEC31DC330FD0045C055 /* SJMessageTableViewCell.swift */,
				AA51385E1DC34433002BE8D4 /* SJMessageDetailTableViewCell.swift */,
			);
			path = View;
			sourceTree = "<group>";
		};
		AAA784B81DB4A0ED00A4AA3C /* Vendor */ = {
			isa = PBXGroup;
			children = (
				AA7C66961DCA1FE100C949B9 /* UIImageEffects.swift */,
				AAD2E7D01DC1D2B700D94A01 /* SJMarginLabel.swift */,
			);
			path = Vendor;
			sourceTree = "<group>";
		};
		AAA784B91DB4A0F300A4AA3C /* Service */ = {
			isa = PBXGroup;
			children = (
			);
			path = Service;
			sourceTree = "<group>";
		};
		AAA784BA1DB4A0F800A4AA3C /* Base */ = {
			isa = PBXGroup;
			children = (
				AADAC2C11DB4A1970048AEDF /* SJNavigationController.swift */,
				AADAC2C31DB4A7360048AEDF /* SJTabBarController.swift */,
				AADAC2C91DB4A8AE0048AEDF /* SJTableViewController.swift */,
				AAA784BB1DB4A12F00A4AA3C /* SJViewController.swift */,
				AA7C666B1DC88D1800C949B9 /* SJTextField.swift */,
			);
			path = Base;
			sourceTree = "<group>";
		};
		AADAC2CB1DB4A8C80048AEDF /* Client */ = {
			isa = PBXGroup;
			children = (
				AADAC2D41DB4B9870048AEDF /* SJClient.swift */,
			);
			path = Client;
			sourceTree = "<group>";
		};
		D560FF2373FE61EB44D5F7D5 /* Frameworks */ = {
			isa = PBXGroup;
			children = (
				AA7C66901DCA1C1600C949B9 /* Accelerate.framework */,
				4488B16A4E013A8085C9C499 /* Pods.framework */,
			);
			name = Frameworks;
			sourceTree = "<group>";
		};
/* End PBXGroup section */

/* Begin PBXNativeTarget section */
		AAA7849E1DB4A01300A4AA3C /* Social8080Swift */ = {
			isa = PBXNativeTarget;
			buildConfigurationList = AAA784AC1DB4A01300A4AA3C /* Build configuration list for PBXNativeTarget "Social8080Swift" */;
			buildPhases = (
				3C5504AE4D2FF7AE07A5BDF3 /* Check Pods Manifest.lock */,
				AAA7849B1DB4A01300A4AA3C /* Sources */,
				AAA7849C1DB4A01300A4AA3C /* Frameworks */,
				AAA7849D1DB4A01300A4AA3C /* Resources */,
				85496DA8B46B566AA697E923 /* Embed Pods Frameworks */,
				8D43954556B324915CEB0F45 /* Copy Pods Resources */,
				AAD2E76A1DBF047400D94A01 /* Embed Frameworks */,
			);
			buildRules = (
			);
			dependencies = (
			);
			name = Social8080Swift;
			productName = Social8080Swift;
			productReference = AAA7849F1DB4A01300A4AA3C /* 极速社区.app */;
			productType = "com.apple.product-type.application";
		};
/* End PBXNativeTarget section */

/* Begin PBXProject section */
		AAA784971DB4A01300A4AA3C /* Project object */ = {
			isa = PBXProject;
			attributes = {
				LastSwiftUpdateCheck = 0730;
				LastUpgradeCheck = 0730;
				ORGANIZATIONNAME = sujian;
				TargetAttributes = {
					AAA7849E1DB4A01300A4AA3C = {
						CreatedOnToolsVersion = 7.3.1;
						LastSwiftMigration = 0800;
					};
				};
			};
			buildConfigurationList = AAA7849A1DB4A01300A4AA3C /* Build configuration list for PBXProject "Social8080Swift" */;
			compatibilityVersion = "Xcode 3.2";
			developmentRegion = English;
			hasScannedForEncodings = 0;
			knownRegions = (
				en,
				Base,
			);
			mainGroup = AAA784961DB4A01300A4AA3C;
			productRefGroup = AAA784A01DB4A01300A4AA3C /* Products */;
			projectDirPath = "";
			projectRoot = "";
			targets = (
				AAA7849E1DB4A01300A4AA3C /* Social8080Swift */,
			);
		};
/* End PBXProject section */

/* Begin PBXResourcesBuildPhase section */
		AAA7849D1DB4A01300A4AA3C /* Resources */ = {
			isa = PBXResourcesBuildPhase;
			buildActionMask = 2147483647;
			files = (
				AAA784A51DB4A01300A4AA3C /* Assets.xcassets in Resources */,
				AAA784A81DB4A01300A4AA3C /* LaunchScreen.storyboard in Resources */,
				AA7D223A1DB67F9C00E23E7E /* forumtable.plist in Resources */,
				AAF90D761DC6EDCA00F33C44 /* font.ttf in Resources */,
			);
			runOnlyForDeploymentPostprocessing = 0;
		};
/* End PBXResourcesBuildPhase section */

/* Begin PBXShellScriptBuildPhase section */
		3C5504AE4D2FF7AE07A5BDF3 /* Check Pods Manifest.lock */ = {
			isa = PBXShellScriptBuildPhase;
			buildActionMask = 2147483647;
			files = (
			);
			inputPaths = (
			);
			name = "Check Pods Manifest.lock";
			outputPaths = (
			);
			runOnlyForDeploymentPostprocessing = 0;
			shellPath = /bin/sh;
			shellScript = "diff \"${PODS_ROOT}/../Podfile.lock\" \"${PODS_ROOT}/Manifest.lock\" > /dev/null\nif [[ $? != 0 ]] ; then\n    cat << EOM\nerror: The sandbox is not in sync with the Podfile.lock. Run 'pod install' or update your CocoaPods installation.\nEOM\n    exit 1\nfi\n";
			showEnvVarsInLog = 0;
		};
		85496DA8B46B566AA697E923 /* Embed Pods Frameworks */ = {
			isa = PBXShellScriptBuildPhase;
			buildActionMask = 2147483647;
			files = (
			);
			inputPaths = (
			);
			name = "Embed Pods Frameworks";
			outputPaths = (
			);
			runOnlyForDeploymentPostprocessing = 0;
			shellPath = /bin/sh;
			shellScript = "\"${SRCROOT}/Pods/Target Support Files/Pods/Pods-frameworks.sh\"\n";
			showEnvVarsInLog = 0;
		};
		8D43954556B324915CEB0F45 /* Copy Pods Resources */ = {
			isa = PBXShellScriptBuildPhase;
			buildActionMask = 2147483647;
			files = (
			);
			inputPaths = (
			);
			name = "Copy Pods Resources";
			outputPaths = (
			);
			runOnlyForDeploymentPostprocessing = 0;
			shellPath = /bin/sh;
			shellScript = "\"${SRCROOT}/Pods/Target Support Files/Pods/Pods-resources.sh\"\n";
			showEnvVarsInLog = 0;
		};
/* End PBXShellScriptBuildPhase section */

/* Begin PBXSourcesBuildPhase section */
		AAA7849B1DB4A01300A4AA3C /* Sources */ = {
			isa = PBXSourcesBuildPhase;
			buildActionMask = 2147483647;
			files = (
				AA7C666C1DC88D1800C949B9 /* SJTextField.swift in Sources */,
				AA9F1CD61DBB4D1F00A2D7CF /* SJPopUpViewControllerSwift.swift in Sources */,
				AADAC2C41DB4A7360048AEDF /* SJTabBarController.swift in Sources */,
				AA36EEC61DC3359C0045C055 /* SJMessageDetailViewController.swift in Sources */,
				AADAC2D11DB4B5030048AEDF /* SJLeftMenuViewController.swift in Sources */,
				AADAC2D51DB4B9870048AEDF /* SJClient.swift in Sources */,
				AA7D22361DB665E400E23E7E /* NSDate+Extension.swift in Sources */,
				AAA784A31DB4A01300A4AA3C /* AppDelegate.swift in Sources */,
				AADAC2C81DB4A8270048AEDF /* SJHomeViewController.swift in Sources */,
				AAA784BC1DB4A12F00A4AA3C /* SJViewController.swift in Sources */,
				AA7D22291DB5C35900E23E7E /* Model.swift in Sources */,
				AA36EEC41DC330FD0045C055 /* SJMessageTableViewCell.swift in Sources */,
				AA7D22341DB61F3400E23E7E /* UILabel+Extension.swift in Sources */,
				AA7D22601DB7AF5200E23E7E /* Utility.swift in Sources */,
				AA7D22321DB61A8600E23E7E /* SJForumTableViewCell.swift in Sources */,
				AAD2E7CF1DC19C0A00D94A01 /* SJOtherViewContrller.swift in Sources */,
				AADAC2CF1DB4AAA40048AEDF /* SJMineViewController.swift in Sources */,
				AAA784B11DB4A0BD00A4AA3C /* Logger.swift in Sources */,
				AA7C669D1DCB279400C949B9 /* SJReplyViewController.swift in Sources */,
				AA7D22761DBA401F00E23E7E /* UIImage+Resize.swift in Sources */,
				AADAC2C61DB4A7E10048AEDF /* SJRootTabBarController.swift in Sources */,
				AA7C66971DCA1FE200C949B9 /* UIImageEffects.swift in Sources */,
				AA2C51191DC8564E00006926 /* SJWritePostViewController.swift in Sources */,
				AA7C669B1DCAE3C700C949B9 /* View+Extension.swift in Sources */,
				AA7D22381DB66F4200E23E7E /* SJForumViewController.swift in Sources */,
				AADAC2CA1DB4A8AE0048AEDF /* SJTableViewController.swift in Sources */,
				AA7C669F1DCC2EC700C949B9 /* SJChooseCategoryViewController.swift in Sources */,
				AA7D22741DBA0CA500E23E7E /* SJLoginViewController.swift in Sources */,
				AA7D225C1DB76C6500E23E7E /* SJThreadViewController.swift in Sources */,
				AA51385F1DC34433002BE8D4 /* SJMessageDetailTableViewCell.swift in Sources */,
				AAF90D781DC6EE3000F33C44 /* GlobalDefined.swift in Sources */,
				AADAC2E51DB4CE570048AEDF /* String+Extension.swift in Sources */,
				AADAC2C21DB4A1970048AEDF /* SJNavigationController.swift in Sources */,
				AAA784B31DB4A0C300A4AA3C /* DeviceUtil.swift in Sources */,
				AA7D223C1DB6AFEB00E23E7E /* SJScrollTitleView.swift in Sources */,
				AADAC2CD1DB4AA4A0048AEDF /* SJMessageListViewController.swift in Sources */,
				AA7C66991DCAD24D00C949B9 /* UIButton+Action.swift in Sources */,
				AA7D225E1DB76DED00E23E7E /* SJThreadTableViewCell.swift in Sources */,
				AA7D22301DB614F000E23E7E /* SJHomeTableViewCell.swift in Sources */,
				AAD2E7D11DC1D2B700D94A01 /* SJMarginLabel.swift in Sources */,
			);
			runOnlyForDeploymentPostprocessing = 0;
		};
/* End PBXSourcesBuildPhase section */

/* Begin PBXVariantGroup section */
		AAA784A61DB4A01300A4AA3C /* LaunchScreen.storyboard */ = {
			isa = PBXVariantGroup;
			children = (
				AAA784A71DB4A01300A4AA3C /* Base */,
			);
			name = LaunchScreen.storyboard;
			path = .;
			sourceTree = "<group>";
		};
/* End PBXVariantGroup section */

/* Begin XCBuildConfiguration section */
		AAA784AA1DB4A01300A4AA3C /* Debug */ = {
			isa = XCBuildConfiguration;
			buildSettings = {
				ALWAYS_SEARCH_USER_PATHS = NO;
				CLANG_ANALYZER_NONNULL = YES;
				CLANG_CXX_LANGUAGE_STANDARD = "gnu++0x";
				CLANG_CXX_LIBRARY = "libc++";
				CLANG_ENABLE_MODULES = YES;
				CLANG_ENABLE_OBJC_ARC = YES;
				CLANG_WARN_BOOL_CONVERSION = YES;
				CLANG_WARN_CONSTANT_CONVERSION = YES;
				CLANG_WARN_DIRECT_OBJC_ISA_USAGE = YES_ERROR;
				CLANG_WARN_EMPTY_BODY = YES;
				CLANG_WARN_ENUM_CONVERSION = YES;
				CLANG_WARN_INT_CONVERSION = YES;
				CLANG_WARN_OBJC_ROOT_CLASS = YES_ERROR;
				CLANG_WARN_UNREACHABLE_CODE = YES;
				CLANG_WARN__DUPLICATE_METHOD_MATCH = YES;
				"CODE_SIGN_IDENTITY[sdk=iphoneos*]" = "iPhone Developer";
				COPY_PHASE_STRIP = NO;
				DEBUG_INFORMATION_FORMAT = dwarf;
				ENABLE_STRICT_OBJC_MSGSEND = YES;
				ENABLE_TESTABILITY = YES;
				GCC_C_LANGUAGE_STANDARD = gnu99;
				GCC_DYNAMIC_NO_PIC = NO;
				GCC_NO_COMMON_BLOCKS = YES;
				GCC_OPTIMIZATION_LEVEL = 0;
				GCC_PREPROCESSOR_DEFINITIONS = (
					"DEBUG=1",
					"$(inherited)",
				);
				GCC_WARN_64_TO_32_BIT_CONVERSION = YES;
				GCC_WARN_ABOUT_RETURN_TYPE = YES_ERROR;
				GCC_WARN_UNDECLARED_SELECTOR = YES;
				GCC_WARN_UNINITIALIZED_AUTOS = YES_AGGRESSIVE;
				GCC_WARN_UNUSED_FUNCTION = YES;
				GCC_WARN_UNUSED_VARIABLE = YES;
				IPHONEOS_DEPLOYMENT_TARGET = 9.3;
				MTL_ENABLE_DEBUG_INFO = YES;
				ONLY_ACTIVE_ARCH = YES;
				SDKROOT = iphoneos;
				SWIFT_OPTIMIZATION_LEVEL = "-Onone";
			};
			name = Debug;
		};
		AAA784AB1DB4A01300A4AA3C /* Release */ = {
			isa = XCBuildConfiguration;
			buildSettings = {
				ALWAYS_SEARCH_USER_PATHS = NO;
				CLANG_ANALYZER_NONNULL = YES;
				CLANG_CXX_LANGUAGE_STANDARD = "gnu++0x";
				CLANG_CXX_LIBRARY = "libc++";
				CLANG_ENABLE_MODULES = YES;
				CLANG_ENABLE_OBJC_ARC = YES;
				CLANG_WARN_BOOL_CONVERSION = YES;
				CLANG_WARN_CONSTANT_CONVERSION = YES;
				CLANG_WARN_DIRECT_OBJC_ISA_USAGE = YES_ERROR;
				CLANG_WARN_EMPTY_BODY = YES;
				CLANG_WARN_ENUM_CONVERSION = YES;
				CLANG_WARN_INT_CONVERSION = YES;
				CLANG_WARN_OBJC_ROOT_CLASS = YES_ERROR;
				CLANG_WARN_UNREACHABLE_CODE = YES;
				CLANG_WARN__DUPLICATE_METHOD_MATCH = YES;
				"CODE_SIGN_IDENTITY[sdk=iphoneos*]" = "iPhone Developer";
				COPY_PHASE_STRIP = NO;
				DEBUG_INFORMATION_FORMAT = "dwarf-with-dsym";
				ENABLE_NS_ASSERTIONS = NO;
				ENABLE_STRICT_OBJC_MSGSEND = YES;
				GCC_C_LANGUAGE_STANDARD = gnu99;
				GCC_NO_COMMON_BLOCKS = YES;
				GCC_WARN_64_TO_32_BIT_CONVERSION = YES;
				GCC_WARN_ABOUT_RETURN_TYPE = YES_ERROR;
				GCC_WARN_UNDECLARED_SELECTOR = YES;
				GCC_WARN_UNINITIALIZED_AUTOS = YES_AGGRESSIVE;
				GCC_WARN_UNUSED_FUNCTION = YES;
				GCC_WARN_UNUSED_VARIABLE = YES;
				IPHONEOS_DEPLOYMENT_TARGET = 9.3;
				MTL_ENABLE_DEBUG_INFO = NO;
				SDKROOT = iphoneos;
				VALIDATE_PRODUCT = YES;
			};
			name = Release;
		};
		AAA784AD1DB4A01300A4AA3C /* Debug */ = {
			isa = XCBuildConfiguration;
			baseConfigurationReference = 50BE783DD5D730BC46E28241 /* Pods.debug.xcconfig */;
			buildSettings = {
				ASSETCATALOG_COMPILER_APPICON_NAME = AppIcon;
				CODE_SIGN_IDENTITY = "iPhone Developer: Dongfang Wu (955UB4H7QB)";
				FRAMEWORK_SEARCH_PATHS = (
					"$(inherited)",
					"$(PROJECT_DIR)",
				);
				INFOPLIST_FILE = Social8080Swift/Info.plist;
				IPHONEOS_DEPLOYMENT_TARGET = 8.0;
				LD_RUNPATH_SEARCH_PATHS = "$(inherited) @executable_path/Frameworks";
				LIBRARY_SEARCH_PATHS = (
					"$(inherited)",
					"$(PROJECT_DIR)",
				);
				OTHER_SWIFT_FLAGS = "$(inherited) \"-D\" \"COCOAPODS\" \"-D\" \"DEBUG\"";
				PRODUCT_BUNDLE_IDENTIFIER = org.august.social8080;
				PRODUCT_MODULE_NAME = Social8080Swift;
				PRODUCT_NAME = "极速社区";
				PROVISIONING_PROFILE = "2cf97a3c-caa3-4569-8a16-137155506dcf";
				SWIFT_VERSION = 3.0;
			};
			name = Debug;
		};
		AAA784AE1DB4A01300A4AA3C /* Release */ = {
			isa = XCBuildConfiguration;
			baseConfigurationReference = CAF2FE28940F35BD157A1FA5 /* Pods.release.xcconfig */;
			buildSettings = {
				ASSETCATALOG_COMPILER_APPICON_NAME = AppIcon;
				CODE_SIGN_IDENTITY = "iPhone Distribution: Nanjing Overtaking Lane Network Technology Co., Ltd. (D5N5Q39H75)";
				FRAMEWORK_SEARCH_PATHS = (
					"$(inherited)",
					"$(PROJECT_DIR)",
				);
				INFOPLIST_FILE = Social8080Swift/Info.plist;
				IPHONEOS_DEPLOYMENT_TARGET = 8.0;
				LD_RUNPATH_SEARCH_PATHS = "$(inherited) @executable_path/Frameworks";
				LIBRARY_SEARCH_PATHS = (
					"$(inherited)",
					"$(PROJECT_DIR)",
				);
				OTHER_SWIFT_FLAGS = "$(inherited) \"-D\" \"COCOAPODS\"";
				PRODUCT_BUNDLE_IDENTIFIER = org.august.social8080;
				PRODUCT_MODULE_NAME = Social8080Swift;
				PRODUCT_NAME = "极速社区";
				PROVISIONING_PROFILE = "c1baf479-3924-4626-b156-f65c8043cc9b";
				SWIFT_VERSION = 3.0;
			};
			name = Release;
		};
/* End XCBuildConfiguration section */

/* Begin XCConfigurationList section */
		AAA7849A1DB4A01300A4AA3C /* Build configuration list for PBXProject "Social8080Swift" */ = {
			isa = XCConfigurationList;
			buildConfigurations = (
				AAA784AA1DB4A01300A4AA3C /* Debug */,
				AAA784AB1DB4A01300A4AA3C /* Release */,
			);
			defaultConfigurationIsVisible = 0;
			defaultConfigurationName = Release;
		};
		AAA784AC1DB4A01300A4AA3C /* Build configuration list for PBXNativeTarget "Social8080Swift" */ = {
			isa = XCConfigurationList;
			buildConfigurations = (
				AAA784AD1DB4A01300A4AA3C /* Debug */,
				AAA784AE1DB4A01300A4AA3C /* Release */,
			);
			defaultConfigurationIsVisible = 0;
			defaultConfigurationName = Release;
		};
/* End XCConfigurationList section */
	};
	rootObject = AAA784971DB4A01300A4AA3C /* Project object */;
}
