// !$*UTF8*$!
{
	archiveVersion = 1;
	classes = {
	};
	objectVersion = 46;
	objects = {

/* Begin PBXBuildFile section */
		AAA784A31DB4A01300A4AA3C /* AppDelegate.swift in Sources */ = {isa = PBXBuildFile; fileRef = AAA784A21DB4A01300A4AA3C /* AppDelegate.swift */; };
		AAA784A51DB4A01300A4AA3C /* Assets.xcassets in Resources */ = {isa = PBXBuildFile; fileRef = AAA784A41DB4A01300A4AA3C /* Assets.xcassets */; };
		AAA784A81DB4A01300A4AA3C /* LaunchScreen.storyboard in Resources */ = {isa = PBXBuildFile; fileRef = AAA784A61DB4A01300A4AA3C /* LaunchScreen.storyboard */; };
/* End PBXBuildFile section */

/* Begin PBXFileReference section */
		AAA7849F1DB4A01300A4AA3C /* Social8080Swift.app */ = {isa = PBXFileReference; explicitFileType = wrapper.application; includeInIndex = 0; path = Social8080Swift.app; sourceTree = BUILT_PRODUCTS_DIR; };
		AAA784A21DB4A01300A4AA3C /* AppDelegate.swift */ = {isa = PBXFileReference; lastKnownFileType = sourcecode.swift; path = AppDelegate.swift; sourceTree = "<group>"; };
		AAA784A41DB4A01300A4AA3C /* Assets.xcassets */ = {isa = PBXFileReference; lastKnownFileType = folder.assetcatalog; path = Assets.xcassets; sourceTree = "<group>"; };
		AAA784A71DB4A01300A4AA3C /* Base */ = {isa = PBXFileReference; lastKnownFileType = file.storyboard; name = Base; path = Base.lproj/LaunchScreen.storyboard; sourceTree = "<group>"; };
		AAA784A91DB4A01300A4AA3C /* Info.plist */ = {isa = PBXFileReference; lastKnownFileType = text.plist.xml; path = Info.plist; sourceTree = "<group>"; };
/* End PBXFileReference section */

/* Begin PBXFrameworksBuildPhase section */
		AAA7849C1DB4A01300A4AA3C /* Frameworks */ = {
			isa = PBXFrameworksBuildPhase;
			buildActionMask = 2147483647;
			files = (
			);
			runOnlyForDeploymentPostprocessing = 0;
		};
/* End PBXFrameworksBuildPhase section */

/* Begin PBXGroup section */
		AAA784961DB4A01300A4AA3C = {
			isa = PBXGroup;
			children = (
				AAA784A11DB4A01300A4AA3C /* Social8080Swift */,
				AAA784A01DB4A01300A4AA3C /* Products */,
			);
			sourceTree = "<group>";
		};
		AAA784A01DB4A01300A4AA3C /* Products */ = {
			isa = PBXGroup;
			children = (
				AAA7849F1DB4A01300A4AA3C /* Social8080Swift.app */,
			);
			name = Products;
			sourceTree = "<group>";
		};
		AAA784A11DB4A01300A4AA3C /* Social8080Swift */ = {
			isa = PBXGroup;
			children = (
				AAA784A21DB4A01300A4AA3C /* AppDelegate.swift */,
				AAA784A41DB4A01300A4AA3C /* Assets.xcassets */,
				AAA784A61DB4A01300A4AA3C /* LaunchScreen.storyboard */,
				AAA784A91DB4A01300A4AA3C /* Info.plist */,
			);
			path = Social8080Swift;
			sourceTree = "<group>";
		};
/* End PBXGroup section */

/* Begin PBXNativeTarget section */
		AAA7849E1DB4A01300A4AA3C /* Social8080Swift */ = {
			isa = PBXNativeTarget;
			buildConfigurationList = AAA784AC1DB4A01300A4AA3C /* Build configuration list for PBXNativeTarget "Social8080Swift" */;
			buildPhases = (
				AAA7849B1DB4A01300A4AA3C /* Sources */,
				AAA7849C1DB4A01300A4AA3C /* Frameworks */,
				AAA7849D1DB4A01300A4AA3C /* Resources */,
			);
			buildRules = (
			);
			dependencies = (
			);
			name = Social8080Swift;
			productName = Social8080Swift;
			productReference = AAA7849F1DB4A01300A4AA3C /* Social8080Swift.app */;
			productType = "com.apple.product-type.application";
		};
/* End PBXNativeTarget section */

/* Begin PBXProject section */
		AAA784971DB4A01300A4AA3C /* Project object */ = {
			isa = PBXProject;
			attributes = {
				LastSwiftUpdateCheck = 0730;
				LastUpgradeCheck = 0730;
				ORGANIZATIONNAME = sujian;
				TargetAttributes = {
					AAA7849E1DB4A01300A4AA3C = {
						CreatedOnToolsVersion = 7.3.1;
					};
				};
			};
			buildConfigurationList = AAA7849A1DB4A01300A4AA3C /* Build configuration list for PBXProject "Social8080Swift" */;
			compatibilityVersion = "Xcode 3.2";
			developmentRegion = English;
			hasScannedForEncodings = 0;
			knownRegions = (
				en,
				Base,
			);
			mainGroup = AAA784961DB4A01300A4AA3C;
			productRefGroup = AAA784A01DB4A01300A4AA3C /* Products */;
			projectDirPath = "";
			projectRoot = "";
			targets = (
				AAA7849E1DB4A01300A4AA3C /* Social8080Swift */,
			);
		};
/* End PBXProject section */

/* Begin PBXResourcesBuildPhase section */
		AAA7849D1DB4A01300A4AA3C /* Resources */ = {
			isa = PBXResourcesBuildPhase;
			buildActionMask = 2147483647;
			files = (
				AAA784A51DB4A01300A4AA3C /* Assets.xcassets in Resources */,
				AAA784A81DB4A01300A4AA3C /* LaunchScreen.storyboard in Resources */,
			);
			runOnlyForDeploymentPostprocessing = 0;
		};
/* End PBXResourcesBuildPhase section */

/* Begin PBXSourcesBuildPhase section */
		AAA7849B1DB4A01300A4AA3C /* Sources */ = {
			isa = PBXSourcesBuildPhase;
			buildActionMask = 2147483647;
			files = (
				AAA784A31DB4A01300A4AA3C /* AppDelegate.swift in Sources */,
			);
			runOnlyForDeploymentPostprocessing = 0;
		};
/* End PBXSourcesBuildPhase section */

/* Begin PBXVariantGroup section */
		AAA784A61DB4A01300A4AA3C /* LaunchScreen.storyboard */ = {
			isa = PBXVariantGroup;
			children = (
				AAA784A71DB4A01300A4AA3C /* Base */,
			);
			name = LaunchScreen.storyboard;
			sourceTree = "<group>";
		};
/* End PBXVariantGroup section */

/* Begin XCBuildConfiguration section */
		AAA784AA1DB4A01300A4AA3C /* Debug */ = {
			isa = XCBuildConfiguration;
			buildSettings = {
				ALWAYS_SEARCH_USER_PATHS = NO;
				CLANG_ANALYZER_NONNULL = YES;
				CLANG_CXX_LANGUAGE_STANDARD = "gnu++0x";
				CLANG_CXX_LIBRARY = "libc++";
				CLANG_ENABLE_MODULES = YES;
				CLANG_ENABLE_OBJC_ARC = YES;
				CLANG_WARN_BOOL_CONVERSION = YES;
				CLANG_WARN_CONSTANT_CONVERSION = YES;
				CLANG_WARN_DIRECT_OBJC_ISA_USAGE = YES_ERROR;
				CLANG_WARN_EMPTY_BODY = YES;
				CLANG_WARN_ENUM_CONVERSION = YES;
				CLANG_WARN_INT_CONVERSION = YES;
				CLANG_WARN_OBJC_ROOT_CLASS = YES_ERROR;
				CLANG_WARN_UNREACHABLE_CODE = YES;
				CLANG_WARN__DUPLICATE_METHOD_MATCH = YES;
				"CODE_SIGN_IDENTITY[sdk=iphoneos*]" = "iPhone Developer";
				COPY_PHASE_STRIP = NO;
				DEBUG_INFORMATION_FORMAT = dwarf;
				ENABLE_STRICT_OBJC_MSGSEND = YES;
				ENABLE_TESTABILITY = YES;
				GCC_C_LANGUAGE_STANDARD = gnu99;
				GCC_DYNAMIC_NO_PIC = NO;
				GCC_NO_COMMON_BLOCKS = YES;
				GCC_OPTIMIZATION_LEVEL = 0;
				GCC_PREPROCESSOR_DEFINITIONS = (
					"DEBUG=1",
					"$(inherited)",
				);
				GCC_WARN_64_TO_32_BIT_CONVERSION = YES;
				GCC_WARN_ABOUT_RETURN_TYPE = YES_ERROR;
				GCC_WARN_UNDECLARED_SELECTOR = YES;
				GCC_WARN_UNINITIALIZED_AUTOS = YES_AGGRESSIVE;
				GCC_WARN_UNUSED_FUNCTION = YES;
				GCC_WARN_UNUSED_VARIABLE = YES;
				IPHONEOS_DEPLOYMENT_TARGET = 9.3;
				MTL_ENABLE_DEBUG_INFO = YES;
				ONLY_ACTIVE_ARCH = YES;
				SDKROOT = iphoneos;
				SWIFT_OPTIMIZATION_LEVEL = "-Onone";
			};
			name = Debug;
		};
		AAA784AB1DB4A01300A4AA3C /* Release */ = {
			isa = XCBuildConfiguration;
			buildSettings = {
				ALWAYS_SEARCH_USER_PATHS = NO;
				CLANG_ANALYZER_NONNULL = YES;
				CLANG_CXX_LANGUAGE_STANDARD = "gnu++0x";
				CLANG_CXX_LIBRARY = "libc++";
				CLANG_ENABLE_MODULES = YES;
				CLANG_ENABLE_OBJC_ARC = YES;
				CLANG_WARN_BOOL_CONVERSION = YES;
				CLANG_WARN_CONSTANT_CONVERSION = YES;
				CLANG_WARN_DIRECT_OBJC_ISA_USAGE = YES_ERROR;
				CLANG_WARN_EMPTY_BODY = YES;
				CLANG_WARN_ENUM_CONVERSION = YES;
				CLANG_WARN_INT_CONVERSION = YES;
				CLANG_WARN_OBJC_ROOT_CLASS = YES_ERROR;
				CLANG_WARN_UNREACHABLE_CODE = YES;
				CLANG_WARN__DUPLICATE_METHOD_MATCH = YES;
				"CODE_SIGN_IDENTITY[sdk=iphoneos*]" = "iPhone Developer";
				COPY_PHASE_STRIP = NO;
				DEBUG_INFORMATION_FORMAT = "dwarf-with-dsym";
				ENABLE_NS_ASSERTIONS = NO;
				ENABLE_STRICT_OBJC_MSGSEND = YES;
				GCC_C_LANGUAGE_STANDARD = gnu99;
				GCC_NO_COMMON_BLOCKS = YES;
				GCC_WARN_64_TO_32_BIT_CONVERSION = YES;
				GCC_WARN_ABOUT_RETURN_TYPE = YES_ERROR;
				GCC_WARN_UNDECLARED_SELECTOR = YES;
				GCC_WARN_UNINITIALIZED_AUTOS = YES_AGGRESSIVE;
				GCC_WARN_UNUSED_FUNCTION = YES;
				GCC_WARN_UNUSED_VARIABLE = YES;
				IPHONEOS_DEPLOYMENT_TARGET = 9.3;
				MTL_ENABLE_DEBUG_INFO = NO;
				SDKROOT = iphoneos;
				VALIDATE_PRODUCT = YES;
			};
			name = Release;
		};
		AAA784AD1DB4A01300A4AA3C /* Debug */ = {
			isa = XCBuildConfiguration;
			buildSettings = {
				ASSETCATALOG_COMPILER_APPICON_NAME = AppIcon;
				INFOPLIST_FILE = Social8080Swift/Info.plist;
				LD_RUNPATH_SEARCH_PATHS = "$(inherited) @executable_path/Frameworks";
				PRODUCT_BUNDLE_IDENTIFIER = FutureDial.Social8080Swift;
				PRODUCT_NAME = "$(TARGET_NAME)";
			};
			name = Debug;
		};
		AAA784AE1DB4A01300A4AA3C /* Release */ = {
			isa = XCBuildConfiguration;
			buildSettings = {
				ASSETCATALOG_COMPILER_APPICON_NAME = AppIcon;
				INFOPLIST_FILE = Social8080Swift/Info.plist;
				LD_RUNPATH_SEARCH_PATHS = "$(inherited) @executable_path/Frameworks";
				PRODUCT_BUNDLE_IDENTIFIER = FutureDial.Social8080Swift;
				PRODUCT_NAME = "$(TARGET_NAME)";
			};
			name = Release;
		};
/* End XCBuildConfiguration section */

/* Begin XCConfigurationList section */
		AAA7849A1DB4A01300A4AA3C /* Build configuration list for PBXProject "Social8080Swift" */ = {
			isa = XCConfigurationList;
			buildConfigurations = (
				AAA784AA1DB4A01300A4AA3C /* Debug */,
				AAA784AB1DB4A01300A4AA3C /* Release */,
			);
			defaultConfigurationIsVisible = 0;
			defaultConfigurationName = Release;
		};
		AAA784AC1DB4A01300A4AA3C /* Build configuration list for PBXNativeTarget "Social8080Swift" */ = {
			isa = XCConfigurationList;
			buildConfigurations = (
				AAA784AD1DB4A01300A4AA3C /* Debug */,
				AAA784AE1DB4A01300A4AA3C /* Release */,
			);
			defaultConfigurationIsVisible = 0;
		};
/* End XCConfigurationList section */
	};
	rootObject = AAA784971DB4A01300A4AA3C /* Project object */;
}
